
Microsoft Visual Studio Solution File, Format Version 12.00
# Visual Studio 15
VisualStudioVersion = 15.0.27428.2005
MinimumVisualStudioVersion = 10.0.40219.1
Project("{9A19103F-16F7-4668-BE54-9A1E7A4F7556}") = "aspnet", "aspnet.csproj", "{C081F320-5003-4DE8-95EB-7EF94101F0CB}"
EndProject
Global
	GlobalSection(SolutionConfigurationPlatforms) = preSolution
		Debug|Any CPU = Debug|Any CPU
		Release|Any CPU = Release|Any CPU
	EndGlobalSection
	GlobalSection(ProjectConfigurationPlatforms) = postSolution
		{C081F320-5003-4DE8-95EB-7EF94101F0CB}.Debug|Any CPU.ActiveCfg = Debug|Any CPU
		{C081F320-5003-4DE8-95EB-7EF94101F0CB}.Debug|Any CPU.Build.0 = Debug|Any CPU
		{C081F320-5003-4DE8-95EB-7EF94101F0CB}.Release|Any CPU.ActiveCfg = Release|Any CPU
		{C081F320-5003-4DE8-95EB-7EF94101F0CB}.Release|Any CPU.Build.0 = Release|Any CPU
	EndGlobalSection
	GlobalSection(SolutionProperties) = preSolution
		HideSolutionNode = FALSE
	EndGlobalSection
	GlobalSection(ExtensibilityGlobals) = postSolution
		SolutionGuid = {CD72B441-9738-48F9-B004-15FC92F363E4}
	EndGlobalSection
EndGlobal
